
Microsoft Visual Studio Solution File, Format Version 12.00
# Visual Studio Version 16
VisualStudioVersion = 16.0.29920.165
MinimumVisualStudioVersion = 10.0.40219.1
Project("{FAE04EC0-301F-11D3-BF4B-00C04F79EFBC}") = "1.CSharpOOPS", "CShaprOOPS\1.CSharpOOPS.csproj", "{88D744DD-2AFC-413F-8A5D-C71D598E1FC8}"
EndProject
Project("{FAE04EC0-301F-11D3-BF4B-00C04F79EFBC}") = "2.CsharpDesignPattern", "2.CsharpDesignPattern\2.CsharpDesignPattern.csproj", "{0E3E2584-8F9F-4F6A-89FE-81696D4C9278}"
EndProject
Project("{FAE04EC0-301F-11D3-BF4B-00C04F79EFBC}") = "3.CSharpLogicalPrograms", "3.CSharpLogicalPrograms\3.CSharpLogicalPrograms.csproj", "{2D1078CF-376A-4AF2-962E-804BD2D37F63}"
EndProject
Project("{FAE04EC0-301F-11D3-BF4B-00C04F79EFBC}") = "4.CSharpAlgorithms", "4.CSharpAlgorithms\4.CSharpAlgorithms.csproj", "{C3D5623C-702D-4BF2-811F-BAF7B1CF35F2}"
EndProject
Project("{FAE04EC0-301F-11D3-BF4B-00C04F79EFBC}") = "5.CSharpDataStructures", "5.CSharpDataStructures\5.CSharpDataStructures.csproj", "{8ECF7DC7-A5EB-4462-BC32-5DEAD1E707F4}"
EndProject
Project("{FAE04EC0-301F-11D3-BF4B-00C04F79EFBC}") = "6.Miscellaneous", "5.Miscellaneous\6.Miscellaneous.csproj", "{B73EB2BD-5FA9-49B5-AD52-47E6367530B8}"
EndProject
Project("{FAE04EC0-301F-11D3-BF4B-00C04F79EFBC}") = "RepositoryPatternWeb", "RepositoryPatternWeb\RepositoryPatternWeb.csproj", "{62835497-CFA0-45F7-92E7-682EBDD9452C}"
EndProject
Global
	GlobalSection(SolutionConfigurationPlatforms) = preSolution
		Debug|Any CPU = Debug|Any CPU
		Release|Any CPU = Release|Any CPU
	EndGlobalSection
	GlobalSection(ProjectConfigurationPlatforms) = postSolution
		{88D744DD-2AFC-413F-8A5D-C71D598E1FC8}.Debug|Any CPU.ActiveCfg = Debug|Any CPU
		{88D744DD-2AFC-413F-8A5D-C71D598E1FC8}.Debug|Any CPU.Build.0 = Debug|Any CPU
		{88D744DD-2AFC-413F-8A5D-C71D598E1FC8}.Release|Any CPU.ActiveCfg = Release|Any CPU
		{88D744DD-2AFC-413F-8A5D-C71D598E1FC8}.Release|Any CPU.Build.0 = Release|Any CPU
		{0E3E2584-8F9F-4F6A-89FE-81696D4C9278}.Debug|Any CPU.ActiveCfg = Debug|Any CPU
		{0E3E2584-8F9F-4F6A-89FE-81696D4C9278}.Debug|Any CPU.Build.0 = Debug|Any CPU
		{0E3E2584-8F9F-4F6A-89FE-81696D4C9278}.Release|Any CPU.ActiveCfg = Release|Any CPU
		{0E3E2584-8F9F-4F6A-89FE-81696D4C9278}.Release|Any CPU.Build.0 = Release|Any CPU
		{2D1078CF-376A-4AF2-962E-804BD2D37F63}.Debug|Any CPU.ActiveCfg = Debug|Any CPU
		{2D1078CF-376A-4AF2-962E-804BD2D37F63}.Debug|Any CPU.Build.0 = Debug|Any CPU
		{2D1078CF-376A-4AF2-962E-804BD2D37F63}.Release|Any CPU.ActiveCfg = Release|Any CPU
		{2D1078CF-376A-4AF2-962E-804BD2D37F63}.Release|Any CPU.Build.0 = Release|Any CPU
		{C3D5623C-702D-4BF2-811F-BAF7B1CF35F2}.Debug|Any CPU.ActiveCfg = Debug|Any CPU
		{C3D5623C-702D-4BF2-811F-BAF7B1CF35F2}.Debug|Any CPU.Build.0 = Debug|Any CPU
		{C3D5623C-702D-4BF2-811F-BAF7B1CF35F2}.Release|Any CPU.ActiveCfg = Release|Any CPU
		{C3D5623C-702D-4BF2-811F-BAF7B1CF35F2}.Release|Any CPU.Build.0 = Release|Any CPU
		{8ECF7DC7-A5EB-4462-BC32-5DEAD1E707F4}.Debug|Any CPU.ActiveCfg = Debug|Any CPU
		{8ECF7DC7-A5EB-4462-BC32-5DEAD1E707F4}.Debug|Any CPU.Build.0 = Debug|Any CPU
		{8ECF7DC7-A5EB-4462-BC32-5DEAD1E707F4}.Release|Any CPU.ActiveCfg = Release|Any CPU
		{8ECF7DC7-A5EB-4462-BC32-5DEAD1E707F4}.Release|Any CPU.Build.0 = Release|Any CPU
		{B73EB2BD-5FA9-49B5-AD52-47E6367530B8}.Debug|Any CPU.ActiveCfg = Debug|Any CPU
		{B73EB2BD-5FA9-49B5-AD52-47E6367530B8}.Debug|Any CPU.Build.0 = Debug|Any CPU
		{B73EB2BD-5FA9-49B5-AD52-47E6367530B8}.Release|Any CPU.ActiveCfg = Release|Any CPU
		{B73EB2BD-5FA9-49B5-AD52-47E6367530B8}.Release|Any CPU.Build.0 = Release|Any CPU
		{62835497-CFA0-45F7-92E7-682EBDD9452C}.Debug|Any CPU.ActiveCfg = Debug|Any CPU
		{62835497-CFA0-45F7-92E7-682EBDD9452C}.Debug|Any CPU.Build.0 = Debug|Any CPU
		{62835497-CFA0-45F7-92E7-682EBDD9452C}.Release|Any CPU.ActiveCfg = Release|Any CPU
		{62835497-CFA0-45F7-92E7-682EBDD9452C}.Release|Any CPU.Build.0 = Release|Any CPU
	EndGlobalSection
	GlobalSection(SolutionProperties) = preSolution
		HideSolutionNode = FALSE
	EndGlobalSection
	GlobalSection(ExtensibilityGlobals) = postSolution
		SolutionGuid = {D7B79852-AFAA-4F85-AEF1-3C9A670B620C}
	EndGlobalSection
EndGlobal
